// !$*UTF8*$!
{
	archiveVersion = 1;
	classes = {
	};
	objectVersion = 77;
	objects = {

/* Begin PBXBuildFile section */
		0125E3F11F97D726AD00E9F2 /* LockedCopyTests.swift in Sources */ = {isa = PBXBuildFile; fileRef = 8570F8698EA09A3918C75C5B /* LockedCopyTests.swift */; };
		02AFBE5E573B56C7ACBB3E31 /* AnnotatorNavigationContractTests.swift in Sources */ = {isa = PBXBuildFile; fileRef = A29DA11622EA110EDB8E0F22 /* AnnotatorNavigationContractTests.swift */; };
		08FD47B84A5BD588E0EE4ADB /* ProjectListView.swift in Sources */ = {isa = PBXBuildFile; fileRef = DBC1D78DEDE6D0CE5364736A /* ProjectListView.swift */; };
		0D2A76240D4D61AB32A6D75A /* BJJAnnotateApp.swift in Sources */ = {isa = PBXBuildFile; fileRef = 5869831EB1FFDAC97621E4DD /* BJJAnnotateApp.swift */; };
		0E4988FC2803479BFBDCD64C /* ProjectFolder.swift in Sources */ = {isa = PBXBuildFile; fileRef = DD9C3B0D0816C56BA32F36AD /* ProjectFolder.swift */; };
		105A4F6E640519EDBBDCF415 /* InstanceList.swift in Sources */ = {isa = PBXBuildFile; fileRef = F3D9282A7DC93CA4F49AAF6E /* InstanceList.swift */; };
		13B339F6FB82F246E63AD5C9 /* Fixtures in Resources */ = {isa = PBXBuildFile; fileRef = BCC0A2F849C62996EA3982B6 /* Fixtures */; };
		1448F18D396289ADDBCD8D89 /* ThumbnailCacheTests.swift in Sources */ = {isa = PBXBuildFile; fileRef = 7183F5F8A4B34D9455657FD1 /* ThumbnailCacheTests.swift */; };
		15E0852D6E153292900B58A8 /* AnnotatorCanvasGeometryTests.swift in Sources */ = {isa = PBXBuildFile; fileRef = AE6513949672E3B413C7EFF3 /* AnnotatorCanvasGeometryTests.swift */; };
		1615660368B5BEF25D239C1D /* BoxIntakeTests.swift in Sources */ = {isa = PBXBuildFile; fileRef = 27FE3FAF6BC0D89A8C2C9D8B /* BoxIntakeTests.swift */; };
		21A1A635BE1FC1A679F49ABF /* BookmarkStoreStaleRefreshTests.swift in Sources */ = {isa = PBXBuildFile; fileRef = F8E9FDD0CB7B1EC456356AD3 /* BookmarkStoreStaleRefreshTests.swift */; };
		222C1CEE7648158063082475 /* Phase1LockedCopyTests.swift in Sources */ = {isa = PBXBuildFile; fileRef = 31295491334827C6F6D274EF /* Phase1LockedCopyTests.swift */; };
		22932A594E31865959409B31 /* AthletePicker.swift in Sources */ = {isa = PBXBuildFile; fileRef = C9B07D2E585E12641A2741B6 /* AthletePicker.swift */; };
		25B0E77457988552A798F4D1 /* DragStagingContractTests.swift in Sources */ = {isa = PBXBuildFile; fileRef = 484C9E520961128D7E8A35B1 /* DragStagingContractTests.swift */; };
		30A0C4B344E8A6BB356F0AEA /* ProjectGridViewModel.swift in Sources */ = {isa = PBXBuildFile; fileRef = 9A7A34A05088317D1852F322 /* ProjectGridViewModel.swift */; };
		311FAD24074CFD95D7FEF7C2 /* ProjectListViewModelTests.swift in Sources */ = {isa = PBXBuildFile; fileRef = 4755358F0159F3247B173A24 /* ProjectListViewModelTests.swift */; };
		364AE88F8191C641174738D7 /* ProjectListViewModel.swift in Sources */ = {isa = PBXBuildFile; fileRef = 17C3628F5256C34A50C2F98A /* ProjectListViewModel.swift */; };
		37AD0F68EB3648B5CA206A6B /* UIDeviceUserInterfaceIdiomBanTests.swift in Sources */ = {isa = PBXBuildFile; fileRef = AB6A8C0CAAF14067283DA0A9 /* UIDeviceUserInterfaceIdiomBanTests.swift */; };
		38E36C09ECDDA8ED73E9CF5B /* AthleteRegistry.swift in Sources */ = {isa = PBXBuildFile; fileRef = 3BD6F621B2EAECA5BD8482DD /* AthleteRegistry.swift */; };
		3AF978D984CA3173B1DE92BE /* BBox.swift in Sources */ = {isa = PBXBuildFile; fileRef = B862EB7AD67744FB5E772D66 /* BBox.swift */; };
		3F33114896FDE6EF7F112591 /* PopulatedListNoBottomCTAUITests.swift in Sources */ = {isa = PBXBuildFile; fileRef = BB1E8A00A63C94FCD940EE7A /* PopulatedListNoBottomCTAUITests.swift */; };
		3F5C7697EDDD7D7491FB7BF0 /* AnnotatorImagePresence.swift in Sources */ = {isa = PBXBuildFile; fileRef = 2E127E4C67078CFCDDA98C22 /* AnnotatorImagePresence.swift */; };
		42991FCC1CF0DD7AD252A4FB /* CanvasTransform.swift in Sources */ = {isa = PBXBuildFile; fileRef = 00A82B09BDA08D3234AD314B /* CanvasTransform.swift */; };
		4405AA9CB7AA8C62B0E7E77B /* SilentScheduler.swift in Sources */ = {isa = PBXBuildFile; fileRef = 1B851A77102048ED318E9D00 /* SilentScheduler.swift */; };
		46B5B26D9FBA1A470CD2F6B4 /* BoxIntake.swift in Sources */ = {isa = PBXBuildFile; fileRef = 4ECC774B5F6569CCB34E9DB0 /* BoxIntake.swift */; };
		47D35B32A4FE72DA93F46249 /* AnnotationStore.swift in Sources */ = {isa = PBXBuildFile; fileRef = A3A8F8F0D75867642D7A5119 /* AnnotationStore.swift */; };
		4868ADA5ED719109C710021C /* MobileFirstAuditUITests.swift in Sources */ = {isa = PBXBuildFile; fileRef = 346D0167B2705B0ED8FEF612 /* MobileFirstAuditUITests.swift */; };
		4A812A238F8AE2208EDB8BB9 /* AthleteRegistryTests.swift in Sources */ = {isa = PBXBuildFile; fileRef = CFA686217411B1EF46C7BDA8 /* AthleteRegistryTests.swift */; };
		4B8C82150D36524C5E67171D /* ConflictPresentation.swift in Sources */ = {isa = PBXBuildFile; fileRef = 51E8BE5A7759518A9707ABB4 /* ConflictPresentation.swift */; };
		4DE495776A6941B859BDDAC6 /* CocoFileCoordinatorConflictTests.swift in Sources */ = {isa = PBXBuildFile; fileRef = F6874067E59BF74102183B1C /* CocoFileCoordinatorConflictTests.swift */; };
		51184A5B3FC62013B680AB6F /* JSONValue.swift in Sources */ = {isa = PBXBuildFile; fileRef = 0DB4EA75497C48A21AD33473 /* JSONValue.swift */; };
		5A545AA81D1F3044D16381F7 /* JSONValueTests.swift in Sources */ = {isa = PBXBuildFile; fileRef = D0F01B4E77F235E16CB1A9CA /* JSONValueTests.swift */; };
		629646E5466971EE40D5103B /* BookmarkStoreTests.swift in Sources */ = {isa = PBXBuildFile; fileRef = 55A759C764C3F5391463AE4C /* BookmarkStoreTests.swift */; };
		65E189ADF1C48F5164A2E197 /* BoxDragStage.swift in Sources */ = {isa = PBXBuildFile; fileRef = B95943704F5939D130E70819 /* BoxDragStage.swift */; };
		6C7F2CEFF9CA5235F8C268AD /* ImageStateTracker.swift in Sources */ = {isa = PBXBuildFile; fileRef = 50F53BD7FDD9279A2D5EAFF2 /* ImageStateTracker.swift */; };
		6F49E1A00F8FB80900231C8E /* AthletePickerTests.swift in Sources */ = {isa = PBXBuildFile; fileRef = DDCC5D13C32CEEA3D7280E89 /* AthletePickerTests.swift */; };
		709E9631975636AEA2AA84AC /* Assets.xcassets in Resources */ = {isa = PBXBuildFile; fileRef = 25772D89C0B1290AF8411983 /* Assets.xcassets */; };
		74D8A2755D5A7907FA2E213B /* ConflictBannerTests.swift in Sources */ = {isa = PBXBuildFile; fileRef = F32E9BD748D887198F5F8973 /* ConflictBannerTests.swift */; };
		789DA253FA046C38C7B3786D /* InstanceListModelTests.swift in Sources */ = {isa = PBXBuildFile; fileRef = 99F99F137989683F40DC9F1B /* InstanceListModelTests.swift */; };
		7A9C2320038613BF095A369A /* AnnotatorCanvasView.swift in Sources */ = {isa = PBXBuildFile; fileRef = F232E479F69072B5D55EEC1B /* AnnotatorCanvasView.swift */; };
		7CFA4E8628D21A8784D722C3 /* SmokeUITests.swift in Sources */ = {isa = PBXBuildFile; fileRef = F2FB9B95FE2D48243C27F81B /* SmokeUITests.swift */; };
		81FA8E299AF30B647D885D01 /* EmptyGridUITests.swift in Sources */ = {isa = PBXBuildFile; fileRef = 9B509B4EA596F3FC812E7B7A /* EmptyGridUITests.swift */; };
		84AD3FD44DBF5EC5831ED0C5 /* AnnotatorViewMissingStateTests.swift in Sources */ = {isa = PBXBuildFile; fileRef = C14A39B5E0D893A85B165E4E /* AnnotatorViewMissingStateTests.swift */; };
		861D8410826023F6B4F20D76 /* LifecycleFlushBridge.swift in Sources */ = {isa = PBXBuildFile; fileRef = 72A1AF88DA29779112FC695A /* LifecycleFlushBridge.swift */; };
		86F281CDBA89F07E9A7C56FE /* LockedCopyGrepTests.swift in Sources */ = {isa = PBXBuildFile; fileRef = C760F1C35CA719D6020FE9AE /* LockedCopyGrepTests.swift */; };
		87B6615A334E04353705B4B4 /* LifecycleFlushBridgeTests.swift in Sources */ = {isa = PBXBuildFile; fileRef = 3634B9722603E679A59FE061 /* LifecycleFlushBridgeTests.swift */; };
		8A9C5513A6F6294D9531EFE8 /* FolderPickerTests.swift in Sources */ = {isa = PBXBuildFile; fileRef = 7BF4407861D120FA115C5F64 /* FolderPickerTests.swift */; };
		8D2F509092BE0AFC5109DBB2 /* ProjectFolderTests.swift in Sources */ = {isa = PBXBuildFile; fileRef = 9B7EFA1DEB9FF2DB2CE755B4 /* ProjectFolderTests.swift */; };
		8D62820E405C7FFFA719D13C /* CocoFileCoordinator.swift in Sources */ = {isa = PBXBuildFile; fileRef = 794B4076A42F79055FFBE56D /* CocoFileCoordinator.swift */; };
		8DBD988D35D4169369EA30F9 /* UbiquityResolver.swift in Sources */ = {isa = PBXBuildFile; fileRef = 96ED64DBA2E3119ECBB86C99 /* UbiquityResolver.swift */; };
		96E8A22DA49FBC0654A3FC76 /* BookmarkErrorRowUITests.swift in Sources */ = {isa = PBXBuildFile; fileRef = 5880DF880696C4B33B15351E /* BookmarkErrorRowUITests.swift */; };
		9A4F0E2AA35AF5D3F2E6AABE /* AnnotatorView.swift in Sources */ = {isa = PBXBuildFile; fileRef = 12814ABA1DD95ED16B27B0F6 /* AnnotatorView.swift */; };
		9BD4DF08733B4D5B6DAEBDDA /* BoxHandle.swift in Sources */ = {isa = PBXBuildFile; fileRef = 37592E5E1E503C1DB49E142B /* BoxHandle.swift */; };
		9C968F935137A673628FF18F /* TempDirectory.swift in Sources */ = {isa = PBXBuildFile; fileRef = 7E1A33EA1993E0357A341B8A /* TempDirectory.swift */; };
		A2B4FB134D677D662DC1E8F5 /* ProductionSources_Persistence in Resources */ = {isa = PBXBuildFile; fileRef = 35B48ADC20F6579A0C830129 /* ProductionSources_Persistence */; };
		A3E1259A0CB42AE3378EC79F /* AthletePaletteTests.swift in Sources */ = {isa = PBXBuildFile; fileRef = 0246FEA6D9ACB95C3A6A52D5 /* AthletePaletteTests.swift */; };
		A514875F93448DF96D8B567A /* AnnotationStoreTests.swift in Sources */ = {isa = PBXBuildFile; fileRef = 3710ACEE941DF0E88AD7C24A /* AnnotationStoreTests.swift */; };
		A60E40F59219126D65425472 /* ClassChipRowTests.swift in Sources */ = {isa = PBXBuildFile; fileRef = 04D783304E772194E5886497 /* ClassChipRowTests.swift */; };
		A8A40445F027970D872F10A1 /* ThumbnailCache.swift in Sources */ = {isa = PBXBuildFile; fileRef = 767327C9556EE79353400DC2 /* ThumbnailCache.swift */; };
		AABEA31A104F4F0D76FACCD0 /* ThumbnailCell.swift in Sources */ = {isa = PBXBuildFile; fileRef = E5BD967620274DE7561FCD1F /* ThumbnailCell.swift */; };
		AF2A4096C9530B46FB5DEC8C /* ProjectListPickerErrorRoutingTests.swift in Sources */ = {isa = PBXBuildFile; fileRef = D01D11352CC1B049CA381065 /* ProjectListPickerErrorRoutingTests.swift */; };
		B0882F1D54432A2F3551C227 /* FolderPicker.swift in Sources */ = {isa = PBXBuildFile; fileRef = 3D21AD7ED490C962E8C5D995 /* FolderPicker.swift */; };
		B80463566244F55B54F12F2A /* CocoModelTests.swift in Sources */ = {isa = PBXBuildFile; fileRef = 1F6FA9FC16E372A48572C26F /* CocoModelTests.swift */; };
		B838DC0A0B4E1B87B028C72F /* BookmarkStoreErrorSurfacingTests.swift in Sources */ = {isa = PBXBuildFile; fileRef = 6C8B1F58245B1D32F253F3DF /* BookmarkStoreErrorSurfacingTests.swift */; };
		B85F9ED0902AADA019C7951D /* GoldenPathUITests.swift in Sources */ = {isa = PBXBuildFile; fileRef = 8DD8698EFE5CDF777845C745 /* GoldenPathUITests.swift */; };
		B8802DDB253679FCCA3A2EAA /* CocoIsDiskTruthTests.swift in Sources */ = {isa = PBXBuildFile; fileRef = 4C1E2E9731F0CF5DEFBD9C55 /* CocoIsDiskTruthTests.swift */; };
		B8D75EA6D2811A4BD169301E /* CocoFileCoordinatorTests.swift in Sources */ = {isa = PBXBuildFile; fileRef = 59F0255122D76F7E008832A6 /* CocoFileCoordinatorTests.swift */; };
		BC4EDE80FC6008DB7DBFC539 /* ProjectGridView.swift in Sources */ = {isa = PBXBuildFile; fileRef = 6195F0387F9674703C28B151 /* ProjectGridView.swift */; };
		BD182DBBEF5B258283820EA0 /* FakeUbiquityResolver.swift in Sources */ = {isa = PBXBuildFile; fileRef = 3BC2B4142CEFD8B28C84A494 /* FakeUbiquityResolver.swift */; };
		C60E8B9A3623754C2AE22E71 /* AthletePalette.swift in Sources */ = {isa = PBXBuildFile; fileRef = EF12FB9EDD2399642E2D515B /* AthletePalette.swift */; };
		C972190F9AB039BEDFB799CD /* ProductionSources_Domain in Resources */ = {isa = PBXBuildFile; fileRef = 62427B70A37CD0E88C9902F2 /* ProductionSources_Domain */; };
		C9FD99546DA0566423E7E03C /* ClassChipRow.swift in Sources */ = {isa = PBXBuildFile; fileRef = D1D910226AB7B74787989A8E /* ClassChipRow.swift */; };
		D0CF3997836D1BCC5A1F9CEB /* ProjectGridViewModelTests.swift in Sources */ = {isa = PBXBuildFile; fileRef = 90AE3FE5D00F30B5079AD00B /* ProjectGridViewModelTests.swift */; };
		D28120C423F086E3FE748556 /* ProjectListErrorBannerTests.swift in Sources */ = {isa = PBXBuildFile; fileRef = A3B3C877DC5304757F151872 /* ProjectListErrorBannerTests.swift */; };
		D49B836B6CE201E741FF0820 /* BoxHandleTests.swift in Sources */ = {isa = PBXBuildFile; fileRef = 2DAC16A3A7221EC79C2A6216 /* BoxHandleTests.swift */; };
		D5971788E9997E6428345C05 /* ConflictSidecar.swift in Sources */ = {isa = PBXBuildFile; fileRef = F07932562828A33C550149AE /* ConflictSidecar.swift */; };
		DFFA205CB22C95CA5E27C99D /* ProjectFolderUbiquityTests.swift in Sources */ = {isa = PBXBuildFile; fileRef = DECB9A89EDB39B6C81A8545F /* ProjectFolderUbiquityTests.swift */; };
		E2C0D926DB4B78681AC9F9CD /* Layout.swift in Sources */ = {isa = PBXBuildFile; fileRef = A25AA4416B8DC81B4E55B5A7 /* Layout.swift */; };
		E6E90FF6D0340EC6A0B2CE50 /* ProjectFolderUbiquityLockHardeningTests.swift in Sources */ = {isa = PBXBuildFile; fileRef = EA8BECD32542B7CE28925107 /* ProjectFolderUbiquityLockHardeningTests.swift */; };
		EB06DF64954CCFD93EC1BEC7 /* BookmarkStore.swift in Sources */ = {isa = PBXBuildFile; fileRef = 292B1EEFB57C4496D6465B48 /* BookmarkStore.swift */; };
		EFAC6215CDDC8EC470880EAA /* ImageStateTrackerTests.swift in Sources */ = {isa = PBXBuildFile; fileRef = 2A37FD5012F618375DF45692 /* ImageStateTrackerTests.swift */; };
		F8AE7106F5B8AD7C0AC5EFD6 /* UbiquityResolverFakeTests.swift in Sources */ = {isa = PBXBuildFile; fileRef = 1D23F41A9844AB4F9AAB2633 /* UbiquityResolverFakeTests.swift */; };
		F94BE4EEB36F518F0C047975 /* CocoModel.swift in Sources */ = {isa = PBXBuildFile; fileRef = 8A3200728C61554EB8226051 /* CocoModel.swift */; };
		FE8620E08954C0AC4BF6BA55 /* RootView.swift in Sources */ = {isa = PBXBuildFile; fileRef = F3376543D524E01493327E56 /* RootView.swift */; };
		FF8F25E3315A458F07B6B18F /* LockedCopy.swift in Sources */ = {isa = PBXBuildFile; fileRef = 0D6F74C72583D2C38EEF40B0 /* LockedCopy.swift */; };
		B71F73E6AF414623BC034629 /* AnnotatorLifecycleContext.swift in Sources */ = {isa = PBXBuildFile; fileRef = 4A862D5ADE024A0EAECB4738 /* AnnotatorLifecycleContext.swift */; };
		BCE7F0E8CF804C2F9A204293 /* ProjectAnnotationConflictWatcher.swift in Sources */ = {isa = PBXBuildFile; fileRef = E6C22087159C454A9A1FF42D /* ProjectAnnotationConflictWatcher.swift */; };
		BDDC7249E2564A4B8FD0BB28 /* AnnotatorViewLifecycleTests.swift in Sources */ = {isa = PBXBuildFile; fileRef = 28567F029BA3408F9D19381E /* AnnotatorViewLifecycleTests.swift */; };
		1FE2986A90F142ABB6A1B957 /* ProjectLevelConflictTests.swift in Sources */ = {isa = PBXBuildFile; fileRef = 7BAE03B13EF14C0DA01D9539 /* ProjectLevelConflictTests.swift */; };
		5B84279DD25B41ECAC5E1AB5 /* GoldenPathDiskRoundtripTests.swift in Sources */ = {isa = PBXBuildFile; fileRef = D46ADF42684D4A0CAE5945E9 /* GoldenPathDiskRoundtripTests.swift */; };
		6E8D04E81A204BA3B9E4F831 /* AdaptiveLayoutSizeClassTests.swift in Sources */ = {isa = PBXBuildFile; fileRef = 83EBB0FF0E3B4DD0895036B9 /* AdaptiveLayoutSizeClassTests.swift */; };
		80E7EB4D4AC04BB388D634CD /* ConflictWireEndToEndTests.swift in Sources */ = {isa = PBXBuildFile; fileRef = 5F57ADC49A384524AB6AF9FB /* ConflictWireEndToEndTests.swift */; };
		25555A55187D4F5CB0ABA4CB /* LifecycleContextSafetyTests.swift in Sources */ = {isa = PBXBuildFile; fileRef = 6E7837565EDD4EFD9677E0D9 /* LifecycleContextSafetyTests.swift */; };
/* End PBXBuildFile section */

/* Begin PBXContainerItemProxy section */
		71077C22DBF5F1AFD2A4343A /* PBXContainerItemProxy */ = {
			isa = PBXContainerItemProxy;
			containerPortal = 8EED5424FB4504832474A347 /* Project object */;
			proxyType = 1;
			remoteGlobalIDString = AA27C1BBEA5656B4AE705D18;
			remoteInfo = BJJAnnotate;
		};
		C34AFE0EB7DAF27DE121143A /* PBXContainerItemProxy */ = {
			isa = PBXContainerItemProxy;
			containerPortal = 8EED5424FB4504832474A347 /* Project object */;
			proxyType = 1;
			remoteGlobalIDString = AA27C1BBEA5656B4AE705D18;
			remoteInfo = BJJAnnotate;
		};
/* End PBXContainerItemProxy section */

/* Begin PBXFileReference section */
		00A82B09BDA08D3234AD314B /* CanvasTransform.swift */ = {isa = PBXFileReference; lastKnownFileType = sourcecode.swift; path = CanvasTransform.swift; sourceTree = "<group>"; };
		0246FEA6D9ACB95C3A6A52D5 /* AthletePaletteTests.swift */ = {isa = PBXFileReference; lastKnownFileType = sourcecode.swift; path = AthletePaletteTests.swift; sourceTree = "<group>"; };
		04D783304E772194E5886497 /* ClassChipRowTests.swift */ = {isa = PBXFileReference; lastKnownFileType = sourcecode.swift; path = ClassChipRowTests.swift; sourceTree = "<group>"; };
		0D6F74C72583D2C38EEF40B0 /* LockedCopy.swift */ = {isa = PBXFileReference; lastKnownFileType = sourcecode.swift; path = LockedCopy.swift; sourceTree = "<group>"; };
		0DB4EA75497C48A21AD33473 /* JSONValue.swift */ = {isa = PBXFileReference; lastKnownFileType = sourcecode.swift; path = JSONValue.swift; sourceTree = "<group>"; };
		12814ABA1DD95ED16B27B0F6 /* AnnotatorView.swift */ = {isa = PBXFileReference; lastKnownFileType = sourcecode.swift; path = AnnotatorView.swift; sourceTree = "<group>"; };
		17C3628F5256C34A50C2F98A /* ProjectListViewModel.swift */ = {isa = PBXFileReference; lastKnownFileType = sourcecode.swift; path = ProjectListViewModel.swift; sourceTree = "<group>"; };
		1B851A77102048ED318E9D00 /* SilentScheduler.swift */ = {isa = PBXFileReference; lastKnownFileType = sourcecode.swift; path = SilentScheduler.swift; sourceTree = "<group>"; };
		1D23F41A9844AB4F9AAB2633 /* UbiquityResolverFakeTests.swift */ = {isa = PBXFileReference; lastKnownFileType = sourcecode.swift; path = UbiquityResolverFakeTests.swift; sourceTree = "<group>"; };
		1F6FA9FC16E372A48572C26F /* CocoModelTests.swift */ = {isa = PBXFileReference; lastKnownFileType = sourcecode.swift; path = CocoModelTests.swift; sourceTree = "<group>"; };
		25772D89C0B1290AF8411983 /* Assets.xcassets */ = {isa = PBXFileReference; lastKnownFileType = folder.assetcatalog; path = Assets.xcassets; sourceTree = "<group>"; };
		27FE3FAF6BC0D89A8C2C9D8B /* BoxIntakeTests.swift */ = {isa = PBXFileReference; lastKnownFileType = sourcecode.swift; path = BoxIntakeTests.swift; sourceTree = "<group>"; };
		292B1EEFB57C4496D6465B48 /* BookmarkStore.swift */ = {isa = PBXFileReference; lastKnownFileType = sourcecode.swift; path = BookmarkStore.swift; sourceTree = "<group>"; };
		2A37FD5012F618375DF45692 /* ImageStateTrackerTests.swift */ = {isa = PBXFileReference; lastKnownFileType = sourcecode.swift; path = ImageStateTrackerTests.swift; sourceTree = "<group>"; };
		2DAC16A3A7221EC79C2A6216 /* BoxHandleTests.swift */ = {isa = PBXFileReference; lastKnownFileType = sourcecode.swift; path = BoxHandleTests.swift; sourceTree = "<group>"; };
		2E127E4C67078CFCDDA98C22 /* AnnotatorImagePresence.swift */ = {isa = PBXFileReference; lastKnownFileType = sourcecode.swift; path = AnnotatorImagePresence.swift; sourceTree = "<group>"; };
		31295491334827C6F6D274EF /* Phase1LockedCopyTests.swift */ = {isa = PBXFileReference; lastKnownFileType = sourcecode.swift; path = Phase1LockedCopyTests.swift; sourceTree = "<group>"; };
		346D0167B2705B0ED8FEF612 /* MobileFirstAuditUITests.swift */ = {isa = PBXFileReference; lastKnownFileType = sourcecode.swift; path = MobileFirstAuditUITests.swift; sourceTree = "<group>"; };
		35B48ADC20F6579A0C830129 /* ProductionSources_Persistence */ = {isa = PBXFileReference; lastKnownFileType = folder; name = ProductionSources_Persistence; path = BJJAnnotate/Persistence; sourceTree = SOURCE_ROOT; };
		3634B9722603E679A59FE061 /* LifecycleFlushBridgeTests.swift */ = {isa = PBXFileReference; lastKnownFileType = sourcecode.swift; path = LifecycleFlushBridgeTests.swift; sourceTree = "<group>"; };
		3710ACEE941DF0E88AD7C24A /* AnnotationStoreTests.swift */ = {isa = PBXFileReference; lastKnownFileType = sourcecode.swift; path = AnnotationStoreTests.swift; sourceTree = "<group>"; };
		37592E5E1E503C1DB49E142B /* BoxHandle.swift */ = {isa = PBXFileReference; lastKnownFileType = sourcecode.swift; path = BoxHandle.swift; sourceTree = "<group>"; };
		3BC2B4142CEFD8B28C84A494 /* FakeUbiquityResolver.swift */ = {isa = PBXFileReference; lastKnownFileType = sourcecode.swift; path = FakeUbiquityResolver.swift; sourceTree = "<group>"; };
		3BD6F621B2EAECA5BD8482DD /* AthleteRegistry.swift */ = {isa = PBXFileReference; lastKnownFileType = sourcecode.swift; path = AthleteRegistry.swift; sourceTree = "<group>"; };
		3D21AD7ED490C962E8C5D995 /* FolderPicker.swift */ = {isa = PBXFileReference; lastKnownFileType = sourcecode.swift; path = FolderPicker.swift; sourceTree = "<group>"; };
		3F001954543040B4DAB69887 /* BJJAnnotateTests.xctest */ = {isa = PBXFileReference; includeInIndex = 0; lastKnownFileType = wrapper.cfbundle; path = BJJAnnotateTests.xctest; sourceTree = BUILT_PRODUCTS_DIR; };
		4755358F0159F3247B173A24 /* ProjectListViewModelTests.swift */ = {isa = PBXFileReference; lastKnownFileType = sourcecode.swift; path = ProjectListViewModelTests.swift; sourceTree = "<group>"; };
		484C9E520961128D7E8A35B1 /* DragStagingContractTests.swift */ = {isa = PBXFileReference; lastKnownFileType = sourcecode.swift; path = DragStagingContractTests.swift; sourceTree = "<group>"; };
		4C1E2E9731F0CF5DEFBD9C55 /* CocoIsDiskTruthTests.swift */ = {isa = PBXFileReference; lastKnownFileType = sourcecode.swift; path = CocoIsDiskTruthTests.swift; sourceTree = "<group>"; };
		4ECC774B5F6569CCB34E9DB0 /* BoxIntake.swift */ = {isa = PBXFileReference; lastKnownFileType = sourcecode.swift; path = BoxIntake.swift; sourceTree = "<group>"; };
		50F53BD7FDD9279A2D5EAFF2 /* ImageStateTracker.swift */ = {isa = PBXFileReference; lastKnownFileType = sourcecode.swift; path = ImageStateTracker.swift; sourceTree = "<group>"; };
		51E8BE5A7759518A9707ABB4 /* ConflictPresentation.swift */ = {isa = PBXFileReference; lastKnownFileType = sourcecode.swift; path = ConflictPresentation.swift; sourceTree = "<group>"; };
		52A5AF26D346679D28F6BDA7 /* BJJAnnotateUITests.xctest */ = {isa = PBXFileReference; includeInIndex = 0; lastKnownFileType = wrapper.cfbundle; path = BJJAnnotateUITests.xctest; sourceTree = BUILT_PRODUCTS_DIR; };
		55A759C764C3F5391463AE4C /* BookmarkStoreTests.swift */ = {isa = PBXFileReference; lastKnownFileType = sourcecode.swift; path = BookmarkStoreTests.swift; sourceTree = "<group>"; };
		5869831EB1FFDAC97621E4DD /* BJJAnnotateApp.swift */ = {isa = PBXFileReference; lastKnownFileType = sourcecode.swift; path = BJJAnnotateApp.swift; sourceTree = "<group>"; };
		5880DF880696C4B33B15351E /* BookmarkErrorRowUITests.swift */ = {isa = PBXFileReference; lastKnownFileType = sourcecode.swift; path = BookmarkErrorRowUITests.swift; sourceTree = "<group>"; };
		59F0255122D76F7E008832A6 /* CocoFileCoordinatorTests.swift */ = {isa = PBXFileReference; lastKnownFileType = sourcecode.swift; path = CocoFileCoordinatorTests.swift; sourceTree = "<group>"; };
		6195F0387F9674703C28B151 /* ProjectGridView.swift */ = {isa = PBXFileReference; lastKnownFileType = sourcecode.swift; path = ProjectGridView.swift; sourceTree = "<group>"; };
		62427B70A37CD0E88C9902F2 /* ProductionSources_Domain */ = {isa = PBXFileReference; lastKnownFileType = folder; name = ProductionSources_Domain; path = BJJAnnotate/Domain; sourceTree = SOURCE_ROOT; };
		6C8B1F58245B1D32F253F3DF /* BookmarkStoreErrorSurfacingTests.swift */ = {isa = PBXFileReference; lastKnownFileType = sourcecode.swift; path = BookmarkStoreErrorSurfacingTests.swift; sourceTree = "<group>"; };
		7183F5F8A4B34D9455657FD1 /* ThumbnailCacheTests.swift */ = {isa = PBXFileReference; lastKnownFileType = sourcecode.swift; path = ThumbnailCacheTests.swift; sourceTree = "<group>"; };
		72A1AF88DA29779112FC695A /* LifecycleFlushBridge.swift */ = {isa = PBXFileReference; lastKnownFileType = sourcecode.swift; path = LifecycleFlushBridge.swift; sourceTree = "<group>"; };
		767327C9556EE79353400DC2 /* ThumbnailCache.swift */ = {isa = PBXFileReference; lastKnownFileType = sourcecode.swift; path = ThumbnailCache.swift; sourceTree = "<group>"; };
		794B4076A42F79055FFBE56D /* CocoFileCoordinator.swift */ = {isa = PBXFileReference; lastKnownFileType = sourcecode.swift; path = CocoFileCoordinator.swift; sourceTree = "<group>"; };
		7BF4407861D120FA115C5F64 /* FolderPickerTests.swift */ = {isa = PBXFileReference; lastKnownFileType = sourcecode.swift; path = FolderPickerTests.swift; sourceTree = "<group>"; };
		7E1A33EA1993E0357A341B8A /* TempDirectory.swift */ = {isa = PBXFileReference; lastKnownFileType = sourcecode.swift; path = TempDirectory.swift; sourceTree = "<group>"; };
		8570F8698EA09A3918C75C5B /* LockedCopyTests.swift */ = {isa = PBXFileReference; lastKnownFileType = sourcecode.swift; path = LockedCopyTests.swift; sourceTree = "<group>"; };
		8A3200728C61554EB8226051 /* CocoModel.swift */ = {isa = PBXFileReference; lastKnownFileType = sourcecode.swift; path = CocoModel.swift; sourceTree = "<group>"; };
		8DD8698EFE5CDF777845C745 /* GoldenPathUITests.swift */ = {isa = PBXFileReference; lastKnownFileType = sourcecode.swift; path = GoldenPathUITests.swift; sourceTree = "<group>"; };
		90AE3FE5D00F30B5079AD00B /* ProjectGridViewModelTests.swift */ = {isa = PBXFileReference; lastKnownFileType = sourcecode.swift; path = ProjectGridViewModelTests.swift; sourceTree = "<group>"; };
		96ED64DBA2E3119ECBB86C99 /* UbiquityResolver.swift */ = {isa = PBXFileReference; lastKnownFileType = sourcecode.swift; path = UbiquityResolver.swift; sourceTree = "<group>"; };
		99F99F137989683F40DC9F1B /* InstanceListModelTests.swift */ = {isa = PBXFileReference; lastKnownFileType = sourcecode.swift; path = InstanceListModelTests.swift; sourceTree = "<group>"; };
		9A7A34A05088317D1852F322 /* ProjectGridViewModel.swift */ = {isa = PBXFileReference; lastKnownFileType = sourcecode.swift; path = ProjectGridViewModel.swift; sourceTree = "<group>"; };
		9B509B4EA596F3FC812E7B7A /* EmptyGridUITests.swift */ = {isa = PBXFileReference; lastKnownFileType = sourcecode.swift; path = EmptyGridUITests.swift; sourceTree = "<group>"; };
		9B7EFA1DEB9FF2DB2CE755B4 /* ProjectFolderTests.swift */ = {isa = PBXFileReference; lastKnownFileType = sourcecode.swift; path = ProjectFolderTests.swift; sourceTree = "<group>"; };
		A25AA4416B8DC81B4E55B5A7 /* Layout.swift */ = {isa = PBXFileReference; lastKnownFileType = sourcecode.swift; path = Layout.swift; sourceTree = "<group>"; };
		A29DA11622EA110EDB8E0F22 /* AnnotatorNavigationContractTests.swift */ = {isa = PBXFileReference; lastKnownFileType = sourcecode.swift; path = AnnotatorNavigationContractTests.swift; sourceTree = "<group>"; };
		A2E04776E5022074A20F06C2 /* BJJAnnotate.app */ = {isa = PBXFileReference; includeInIndex = 0; lastKnownFileType = wrapper.application; path = BJJAnnotate.app; sourceTree = BUILT_PRODUCTS_DIR; };
		A3A8F8F0D75867642D7A5119 /* AnnotationStore.swift */ = {isa = PBXFileReference; lastKnownFileType = sourcecode.swift; path = AnnotationStore.swift; sourceTree = "<group>"; };
		A3B3C877DC5304757F151872 /* ProjectListErrorBannerTests.swift */ = {isa = PBXFileReference; lastKnownFileType = sourcecode.swift; path = ProjectListErrorBannerTests.swift; sourceTree = "<group>"; };
		AB6A8C0CAAF14067283DA0A9 /* UIDeviceUserInterfaceIdiomBanTests.swift */ = {isa = PBXFileReference; lastKnownFileType = sourcecode.swift; path = UIDeviceUserInterfaceIdiomBanTests.swift; sourceTree = "<group>"; };
		AE6513949672E3B413C7EFF3 /* AnnotatorCanvasGeometryTests.swift */ = {isa = PBXFileReference; lastKnownFileType = sourcecode.swift; path = AnnotatorCanvasGeometryTests.swift; sourceTree = "<group>"; };
		B862EB7AD67744FB5E772D66 /* BBox.swift */ = {isa = PBXFileReference; lastKnownFileType = sourcecode.swift; path = BBox.swift; sourceTree = "<group>"; };
		B95943704F5939D130E70819 /* BoxDragStage.swift */ = {isa = PBXFileReference; lastKnownFileType = sourcecode.swift; path = BoxDragStage.swift; sourceTree = "<group>"; };
		BB1E8A00A63C94FCD940EE7A /* PopulatedListNoBottomCTAUITests.swift */ = {isa = PBXFileReference; lastKnownFileType = sourcecode.swift; path = PopulatedListNoBottomCTAUITests.swift; sourceTree = "<group>"; };
		BCC0A2F849C62996EA3982B6 /* Fixtures */ = {isa = PBXFileReference; lastKnownFileType = folder; name = Fixtures; path = BJJAnnotateTests/Fixtures; sourceTree = SOURCE_ROOT; };
		C14A39B5E0D893A85B165E4E /* AnnotatorViewMissingStateTests.swift */ = {isa = PBXFileReference; lastKnownFileType = sourcecode.swift; path = AnnotatorViewMissingStateTests.swift; sourceTree = "<group>"; };
		C760F1C35CA719D6020FE9AE /* LockedCopyGrepTests.swift */ = {isa = PBXFileReference; lastKnownFileType = sourcecode.swift; path = LockedCopyGrepTests.swift; sourceTree = "<group>"; };
		C9B07D2E585E12641A2741B6 /* AthletePicker.swift */ = {isa = PBXFileReference; lastKnownFileType = sourcecode.swift; path = AthletePicker.swift; sourceTree = "<group>"; };
		CFA686217411B1EF46C7BDA8 /* AthleteRegistryTests.swift */ = {isa = PBXFileReference; lastKnownFileType = sourcecode.swift; path = AthleteRegistryTests.swift; sourceTree = "<group>"; };
		D01D11352CC1B049CA381065 /* ProjectListPickerErrorRoutingTests.swift */ = {isa = PBXFileReference; lastKnownFileType = sourcecode.swift; path = ProjectListPickerErrorRoutingTests.swift; sourceTree = "<group>"; };
		D0F01B4E77F235E16CB1A9CA /* JSONValueTests.swift */ = {isa = PBXFileReference; lastKnownFileType = sourcecode.swift; path = JSONValueTests.swift; sourceTree = "<group>"; };
		D1D910226AB7B74787989A8E /* ClassChipRow.swift */ = {isa = PBXFileReference; lastKnownFileType = sourcecode.swift; path = ClassChipRow.swift; sourceTree = "<group>"; };
		DBC1D78DEDE6D0CE5364736A /* ProjectListView.swift */ = {isa = PBXFileReference; lastKnownFileType = sourcecode.swift; path = ProjectListView.swift; sourceTree = "<group>"; };
		DD9C3B0D0816C56BA32F36AD /* ProjectFolder.swift */ = {isa = PBXFileReference; lastKnownFileType = sourcecode.swift; path = ProjectFolder.swift; sourceTree = "<group>"; };
		DDCC5D13C32CEEA3D7280E89 /* AthletePickerTests.swift */ = {isa = PBXFileReference; lastKnownFileType = sourcecode.swift; path = AthletePickerTests.swift; sourceTree = "<group>"; };
		DECB9A89EDB39B6C81A8545F /* ProjectFolderUbiquityTests.swift */ = {isa = PBXFileReference; lastKnownFileType = sourcecode.swift; path = ProjectFolderUbiquityTests.swift; sourceTree = "<group>"; };
		E5BD967620274DE7561FCD1F /* ThumbnailCell.swift */ = {isa = PBXFileReference; lastKnownFileType = sourcecode.swift; path = ThumbnailCell.swift; sourceTree = "<group>"; };
		EA8BECD32542B7CE28925107 /* ProjectFolderUbiquityLockHardeningTests.swift */ = {isa = PBXFileReference; lastKnownFileType = sourcecode.swift; path = ProjectFolderUbiquityLockHardeningTests.swift; sourceTree = "<group>"; };
		EF12FB9EDD2399642E2D515B /* AthletePalette.swift */ = {isa = PBXFileReference; lastKnownFileType = sourcecode.swift; path = AthletePalette.swift; sourceTree = "<group>"; };
		F07932562828A33C550149AE /* ConflictSidecar.swift */ = {isa = PBXFileReference; lastKnownFileType = sourcecode.swift; path = ConflictSidecar.swift; sourceTree = "<group>"; };
		F232E479F69072B5D55EEC1B /* AnnotatorCanvasView.swift */ = {isa = PBXFileReference; lastKnownFileType = sourcecode.swift; path = AnnotatorCanvasView.swift; sourceTree = "<group>"; };
		F2FB9B95FE2D48243C27F81B /* SmokeUITests.swift */ = {isa = PBXFileReference; lastKnownFileType = sourcecode.swift; path = SmokeUITests.swift; sourceTree = "<group>"; };
		F32E9BD748D887198F5F8973 /* ConflictBannerTests.swift */ = {isa = PBXFileReference; lastKnownFileType = sourcecode.swift; path = ConflictBannerTests.swift; sourceTree = "<group>"; };
		F3376543D524E01493327E56 /* RootView.swift */ = {isa = PBXFileReference; lastKnownFileType = sourcecode.swift; path = RootView.swift; sourceTree = "<group>"; };
		F3D9282A7DC93CA4F49AAF6E /* InstanceList.swift */ = {isa = PBXFileReference; lastKnownFileType = sourcecode.swift; path = InstanceList.swift; sourceTree = "<group>"; };
		F6874067E59BF74102183B1C /* CocoFileCoordinatorConflictTests.swift */ = {isa = PBXFileReference; lastKnownFileType = sourcecode.swift; path = CocoFileCoordinatorConflictTests.swift; sourceTree = "<group>"; };
		F8E9FDD0CB7B1EC456356AD3 /* BookmarkStoreStaleRefreshTests.swift */ = {isa = PBXFileReference; lastKnownFileType = sourcecode.swift; path = BookmarkStoreStaleRefreshTests.swift; sourceTree = "<group>"; };
		4A862D5ADE024A0EAECB4738 /* AnnotatorLifecycleContext.swift */ = {isa = PBXFileReference; lastKnownFileType = sourcecode.swift; path = AnnotatorLifecycleContext.swift; sourceTree = "<group>"; };
		E6C22087159C454A9A1FF42D /* ProjectAnnotationConflictWatcher.swift */ = {isa = PBXFileReference; lastKnownFileType = sourcecode.swift; path = ProjectAnnotationConflictWatcher.swift; sourceTree = "<group>"; };
		28567F029BA3408F9D19381E /* AnnotatorViewLifecycleTests.swift */ = {isa = PBXFileReference; lastKnownFileType = sourcecode.swift; path = AnnotatorViewLifecycleTests.swift; sourceTree = "<group>"; };
		7BAE03B13EF14C0DA01D9539 /* ProjectLevelConflictTests.swift */ = {isa = PBXFileReference; lastKnownFileType = sourcecode.swift; path = ProjectLevelConflictTests.swift; sourceTree = "<group>"; };
		D46ADF42684D4A0CAE5945E9 /* GoldenPathDiskRoundtripTests.swift */ = {isa = PBXFileReference; lastKnownFileType = sourcecode.swift; path = GoldenPathDiskRoundtripTests.swift; sourceTree = "<group>"; };
		83EBB0FF0E3B4DD0895036B9 /* AdaptiveLayoutSizeClassTests.swift */ = {isa = PBXFileReference; lastKnownFileType = sourcecode.swift; path = AdaptiveLayoutSizeClassTests.swift; sourceTree = "<group>"; };
		5F57ADC49A384524AB6AF9FB /* ConflictWireEndToEndTests.swift */ = {isa = PBXFileReference; lastKnownFileType = sourcecode.swift; path = ConflictWireEndToEndTests.swift; sourceTree = "<group>"; };
		6E7837565EDD4EFD9677E0D9 /* LifecycleContextSafetyTests.swift */ = {isa = PBXFileReference; lastKnownFileType = sourcecode.swift; path = LifecycleContextSafetyTests.swift; sourceTree = "<group>"; };
/* End PBXFileReference section */

/* Begin PBXGroup section */
		05F4155FBC91A59DD50B4AE0 /* ProjectList */ = {
			isa = PBXGroup;
			children = (
				3D21AD7ED490C962E8C5D995 /* FolderPicker.swift */,
				DBC1D78DEDE6D0CE5364736A /* ProjectListView.swift */,
				17C3628F5256C34A50C2F98A /* ProjectListViewModel.swift */,
			);
			path = ProjectList;
			sourceTree = "<group>";
		};
		10B8B40D74110C54138117B2 /* Features */ = {
			isa = PBXGroup;
			children = (
				D9DE7E777EA8FA182DAFE6FF /* Annotator */,
				B83C62039DA04E3257FD3A4F /* ProjectGrid */,
				05F4155FBC91A59DD50B4AE0 /* ProjectList */,
				A25AA4416B8DC81B4E55B5A7 /* Layout.swift */,
			);
			path = Features;
			sourceTree = "<group>";
		};
		15976E78FA58A1DD5FCC35D4 = {
			isa = PBXGroup;
			children = (
				5A3BBD1B9E5F06A85FBE200A /* BJJAnnotate */,
				729BC57D59C569DD4229F67A /* BJJAnnotateTests */,
				E1E18FA839E899759F695208 /* BJJAnnotateUITests */,
				A9C0E00AD30A4E1060D595CC /* Products */,
			);
			sourceTree = "<group>";
		};
		5A3BBD1B9E5F06A85FBE200A /* BJJAnnotate */ = {
			isa = PBXGroup;
			children = (
				82848755F875FB2BDFFD5345 /* App */,
				D2F47B02DDE9FC817CEE220B /* Domain */,
				10B8B40D74110C54138117B2 /* Features */,
				A5C111F5C7BF351568572A23 /* Persistence */,
				25772D89C0B1290AF8411983 /* Assets.xcassets */,
				62427B70A37CD0E88C9902F2 /* ProductionSources_Domain */,
				35B48ADC20F6579A0C830129 /* ProductionSources_Persistence */,
			);
			path = BJJAnnotate;
			sourceTree = "<group>";
		};
		729BC57D59C569DD4229F67A /* BJJAnnotateTests */ = {
			isa = PBXGroup;
			children = (
				EF717120E3F27BB752771A7A /* Support */,
				3710ACEE941DF0E88AD7C24A /* AnnotationStoreTests.swift */,
				AE6513949672E3B413C7EFF3 /* AnnotatorCanvasGeometryTests.swift */,
				A29DA11622EA110EDB8E0F22 /* AnnotatorNavigationContractTests.swift */,
				C14A39B5E0D893A85B165E4E /* AnnotatorViewMissingStateTests.swift */,
				0246FEA6D9ACB95C3A6A52D5 /* AthletePaletteTests.swift */,
				DDCC5D13C32CEEA3D7280E89 /* AthletePickerTests.swift */,
				CFA686217411B1EF46C7BDA8 /* AthleteRegistryTests.swift */,
				6C8B1F58245B1D32F253F3DF /* BookmarkStoreErrorSurfacingTests.swift */,
				F8E9FDD0CB7B1EC456356AD3 /* BookmarkStoreStaleRefreshTests.swift */,
				55A759C764C3F5391463AE4C /* BookmarkStoreTests.swift */,
				2DAC16A3A7221EC79C2A6216 /* BoxHandleTests.swift */,
				27FE3FAF6BC0D89A8C2C9D8B /* BoxIntakeTests.swift */,
				04D783304E772194E5886497 /* ClassChipRowTests.swift */,
				F6874067E59BF74102183B1C /* CocoFileCoordinatorConflictTests.swift */,
				59F0255122D76F7E008832A6 /* CocoFileCoordinatorTests.swift */,
				4C1E2E9731F0CF5DEFBD9C55 /* CocoIsDiskTruthTests.swift */,
				1F6FA9FC16E372A48572C26F /* CocoModelTests.swift */,
				F32E9BD748D887198F5F8973 /* ConflictBannerTests.swift */,
				484C9E520961128D7E8A35B1 /* DragStagingContractTests.swift */,
				BCC0A2F849C62996EA3982B6 /* Fixtures */,
				7BF4407861D120FA115C5F64 /* FolderPickerTests.swift */,
				2A37FD5012F618375DF45692 /* ImageStateTrackerTests.swift */,
				99F99F137989683F40DC9F1B /* InstanceListModelTests.swift */,
				D0F01B4E77F235E16CB1A9CA /* JSONValueTests.swift */,
				3634B9722603E679A59FE061 /* LifecycleFlushBridgeTests.swift */,
				C760F1C35CA719D6020FE9AE /* LockedCopyGrepTests.swift */,
				8570F8698EA09A3918C75C5B /* LockedCopyTests.swift */,
				31295491334827C6F6D274EF /* Phase1LockedCopyTests.swift */,
				9B7EFA1DEB9FF2DB2CE755B4 /* ProjectFolderTests.swift */,
				EA8BECD32542B7CE28925107 /* ProjectFolderUbiquityLockHardeningTests.swift */,
				DECB9A89EDB39B6C81A8545F /* ProjectFolderUbiquityTests.swift */,
				90AE3FE5D00F30B5079AD00B /* ProjectGridViewModelTests.swift */,
				A3B3C877DC5304757F151872 /* ProjectListErrorBannerTests.swift */,
				D01D11352CC1B049CA381065 /* ProjectListPickerErrorRoutingTests.swift */,
				4755358F0159F3247B173A24 /* ProjectListViewModelTests.swift */,
				7183F5F8A4B34D9455657FD1 /* ThumbnailCacheTests.swift */,
				1D23F41A9844AB4F9AAB2633 /* UbiquityResolverFakeTests.swift */,
				AB6A8C0CAAF14067283DA0A9 /* UIDeviceUserInterfaceIdiomBanTests.swift */,
				28567F029BA3408F9D19381E /* AnnotatorViewLifecycleTests.swift */,
				7BAE03B13EF14C0DA01D9539 /* ProjectLevelConflictTests.swift */,
				D46ADF42684D4A0CAE5945E9 /* GoldenPathDiskRoundtripTests.swift */,
				83EBB0FF0E3B4DD0895036B9 /* AdaptiveLayoutSizeClassTests.swift */,
				5F57ADC49A384524AB6AF9FB /* ConflictWireEndToEndTests.swift */,
				6E7837565EDD4EFD9677E0D9 /* LifecycleContextSafetyTests.swift */,
			);
			path = BJJAnnotateTests;
			sourceTree = "<group>";
		};
		82848755F875FB2BDFFD5345 /* App */ = {
			isa = PBXGroup;
			children = (
				5869831EB1FFDAC97621E4DD /* BJJAnnotateApp.swift */,
				0D6F74C72583D2C38EEF40B0 /* LockedCopy.swift */,
				F3376543D524E01493327E56 /* RootView.swift */,
			);
			path = App;
			sourceTree = "<group>";
		};
		A5C111F5C7BF351568572A23 /* Persistence */ = {
			isa = PBXGroup;
			children = (
				292B1EEFB57C4496D6465B48 /* BookmarkStore.swift */,
				794B4076A42F79055FFBE56D /* CocoFileCoordinator.swift */,
				F07932562828A33C550149AE /* ConflictSidecar.swift */,
				DD9C3B0D0816C56BA32F36AD /* ProjectFolder.swift */,
				767327C9556EE79353400DC2 /* ThumbnailCache.swift */,
				96ED64DBA2E3119ECBB86C99 /* UbiquityResolver.swift */,
			);
			path = Persistence;
			sourceTree = "<group>";
		};
		A9C0E00AD30A4E1060D595CC /* Products */ = {
			isa = PBXGroup;
			children = (
				A2E04776E5022074A20F06C2 /* BJJAnnotate.app */,
				3F001954543040B4DAB69887 /* BJJAnnotateTests.xctest */,
				52A5AF26D346679D28F6BDA7 /* BJJAnnotateUITests.xctest */,
			);
			name = Products;
			sourceTree = "<group>";
		};
		B83C62039DA04E3257FD3A4F /* ProjectGrid */ = {
			isa = PBXGroup;
			children = (
				6195F0387F9674703C28B151 /* ProjectGridView.swift */,
				9A7A34A05088317D1852F322 /* ProjectGridViewModel.swift */,
				E5BD967620274DE7561FCD1F /* ThumbnailCell.swift */,
			);
			path = ProjectGrid;
			sourceTree = "<group>";
		};
		D2F47B02DDE9FC817CEE220B /* Domain */ = {
			isa = PBXGroup;
			children = (
				A3A8F8F0D75867642D7A5119 /* AnnotationStore.swift */,
				EF12FB9EDD2399642E2D515B /* AthletePalette.swift */,
				3BD6F621B2EAECA5BD8482DD /* AthleteRegistry.swift */,
				B862EB7AD67744FB5E772D66 /* BBox.swift */,
				37592E5E1E503C1DB49E142B /* BoxHandle.swift */,
				4ECC774B5F6569CCB34E9DB0 /* BoxIntake.swift */,
				8A3200728C61554EB8226051 /* CocoModel.swift */,
				50F53BD7FDD9279A2D5EAFF2 /* ImageStateTracker.swift */,
				0DB4EA75497C48A21AD33473 /* JSONValue.swift */,
			);
			path = Domain;
			sourceTree = "<group>";
		};
		D9DE7E777EA8FA182DAFE6FF /* Annotator */ = {
			isa = PBXGroup;
			children = (
				4A862D5ADE024A0EAECB4738 /* AnnotatorLifecycleContext.swift */,
				F232E479F69072B5D55EEC1B /* AnnotatorCanvasView.swift */,
				2E127E4C67078CFCDDA98C22 /* AnnotatorImagePresence.swift */,
				12814ABA1DD95ED16B27B0F6 /* AnnotatorView.swift */,
				C9B07D2E585E12641A2741B6 /* AthletePicker.swift */,
				B95943704F5939D130E70819 /* BoxDragStage.swift */,
				00A82B09BDA08D3234AD314B /* CanvasTransform.swift */,
				D1D910226AB7B74787989A8E /* ClassChipRow.swift */,
				51E8BE5A7759518A9707ABB4 /* ConflictPresentation.swift */,
				F3D9282A7DC93CA4F49AAF6E /* InstanceList.swift */,
				72A1AF88DA29779112FC695A /* LifecycleFlushBridge.swift */,
				E6C22087159C454A9A1FF42D /* ProjectAnnotationConflictWatcher.swift */,
			);
			path = Annotator;
			sourceTree = "<group>";
		};
		E1E18FA839E899759F695208 /* BJJAnnotateUITests */ = {
			isa = PBXGroup;
			children = (
				5880DF880696C4B33B15351E /* BookmarkErrorRowUITests.swift */,
				9B509B4EA596F3FC812E7B7A /* EmptyGridUITests.swift */,
				8DD8698EFE5CDF777845C745 /* GoldenPathUITests.swift */,
				346D0167B2705B0ED8FEF612 /* MobileFirstAuditUITests.swift */,
				BB1E8A00A63C94FCD940EE7A /* PopulatedListNoBottomCTAUITests.swift */,
				F2FB9B95FE2D48243C27F81B /* SmokeUITests.swift */,
			);
			path = BJJAnnotateUITests;
			sourceTree = "<group>";
		};
		EF717120E3F27BB752771A7A /* Support */ = {
			isa = PBXGroup;
			children = (
				3BC2B4142CEFD8B28C84A494 /* FakeUbiquityResolver.swift */,
				1B851A77102048ED318E9D00 /* SilentScheduler.swift */,
				7E1A33EA1993E0357A341B8A /* TempDirectory.swift */,
			);
			path = Support;
			sourceTree = "<group>";
		};
/* End PBXGroup section */

/* Begin PBXNativeTarget section */
		7FBDFB25AB1B740CA573D203 /* BJJAnnotateTests */ = {
			isa = PBXNativeTarget;
			buildConfigurationList = B8E3A0B10A3D86A474294790 /* Build configuration list for PBXNativeTarget "BJJAnnotateTests" */;
			buildPhases = (
				72A4D6E963A9F28F79E86F0D /* Sources */,
				372DD84835F22E27A1B647DA /* Resources */,
			);
			buildRules = (
			);
			dependencies = (
				26BDF07F5DADED83E9E681D4 /* PBXTargetDependency */,
			);
			name = BJJAnnotateTests;
			packageProductDependencies = (
			);
			productName = BJJAnnotateTests;
			productReference = 3F001954543040B4DAB69887 /* BJJAnnotateTests.xctest */;
			productType = "com.apple.product-type.bundle.unit-test";
		};
		9A2879B2DC9063B5ADAB7E48 /* BJJAnnotateUITests */ = {
			isa = PBXNativeTarget;
			buildConfigurationList = 80384AEECDE3BA1C6F1CBF08 /* Build configuration list for PBXNativeTarget "BJJAnnotateUITests" */;
			buildPhases = (
				7AE4802807656F4CEF70445A /* Sources */,
			);
			buildRules = (
			);
			dependencies = (
				91DAD93CD0FE7AE1B5ECB721 /* PBXTargetDependency */,
			);
			name = BJJAnnotateUITests;
			packageProductDependencies = (
			);
			productName = BJJAnnotateUITests;
			productReference = 52A5AF26D346679D28F6BDA7 /* BJJAnnotateUITests.xctest */;
			productType = "com.apple.product-type.bundle.ui-testing";
		};
		AA27C1BBEA5656B4AE705D18 /* BJJAnnotate */ = {
			isa = PBXNativeTarget;
			buildConfigurationList = 2988D0D9A773739243986625 /* Build configuration list for PBXNativeTarget "BJJAnnotate" */;
			buildPhases = (
				65BAA8711E278DEC832BD634 /* Sources */,
				E3DB78994BA63816EA9A7113 /* Resources */,
			);
			buildRules = (
			);
			dependencies = (
			);
			name = BJJAnnotate;
			packageProductDependencies = (
			);
			productName = BJJAnnotate;
			productReference = A2E04776E5022074A20F06C2 /* BJJAnnotate.app */;
			productType = "com.apple.product-type.application";
		};
/* End PBXNativeTarget section */

/* Begin PBXProject section */
		8EED5424FB4504832474A347 /* Project object */ = {
			isa = PBXProject;
			attributes = {
				BuildIndependentTargetsInParallel = YES;
				LastUpgradeCheck = 1430;
				TargetAttributes = {
					7FBDFB25AB1B740CA573D203 = {
						ProvisioningStyle = Automatic;
					};
					9A2879B2DC9063B5ADAB7E48 = {
						ProvisioningStyle = Automatic;
						TestTargetID = AA27C1BBEA5656B4AE705D18;
					};
					AA27C1BBEA5656B4AE705D18 = {
						ProvisioningStyle = Automatic;
					};
				};
			};
			buildConfigurationList = 630A51A91579FBEB598466D7 /* Build configuration list for PBXProject "BJJAnnotate" */;
			developmentRegion = en;
			hasScannedForEncodings = 0;
			knownRegions = (
				Base,
				en,
			);
			mainGroup = 15976E78FA58A1DD5FCC35D4;
			minimizedProjectReferenceProxies = 1;
			preferredProjectObjectVersion = 77;
			productRefGroup = A9C0E00AD30A4E1060D595CC /* Products */;
			projectDirPath = "";
			projectRoot = "";
			targets = (
				AA27C1BBEA5656B4AE705D18 /* BJJAnnotate */,
				7FBDFB25AB1B740CA573D203 /* BJJAnnotateTests */,
				9A2879B2DC9063B5ADAB7E48 /* BJJAnnotateUITests */,
			);
		};
/* End PBXProject section */

/* Begin PBXResourcesBuildPhase section */
		372DD84835F22E27A1B647DA /* Resources */ = {
			isa = PBXResourcesBuildPhase;
			buildActionMask = 2147483647;
			files = (
				C972190F9AB039BEDFB799CD /* ProductionSources_Domain in Resources */,
				13B339F6FB82F246E63AD5C9 /* Fixtures in Resources */,
				A2B4FB134D677D662DC1E8F5 /* ProductionSources_Persistence in Resources */,
			);
			runOnlyForDeploymentPostprocessing = 0;
		};
		E3DB78994BA63816EA9A7113 /* Resources */ = {
			isa = PBXResourcesBuildPhase;
			buildActionMask = 2147483647;
			files = (
				709E9631975636AEA2AA84AC /* Assets.xcassets in Resources */,
			);
			runOnlyForDeploymentPostprocessing = 0;
		};
/* End PBXResourcesBuildPhase section */

/* Begin PBXSourcesBuildPhase section */
		65BAA8711E278DEC832BD634 /* Sources */ = {
			isa = PBXSourcesBuildPhase;
			buildActionMask = 2147483647;
			files = (
				47D35B32A4FE72DA93F46249 /* AnnotationStore.swift in Sources */,
				7A9C2320038613BF095A369A /* AnnotatorCanvasView.swift in Sources */,
				3F5C7697EDDD7D7491FB7BF0 /* AnnotatorImagePresence.swift in Sources */,
				9A4F0E2AA35AF5D3F2E6AABE /* AnnotatorView.swift in Sources */,
				C60E8B9A3623754C2AE22E71 /* AthletePalette.swift in Sources */,
				22932A594E31865959409B31 /* AthletePicker.swift in Sources */,
				38E36C09ECDDA8ED73E9CF5B /* AthleteRegistry.swift in Sources */,
				3AF978D984CA3173B1DE92BE /* BBox.swift in Sources */,
				0D2A76240D4D61AB32A6D75A /* BJJAnnotateApp.swift in Sources */,
				EB06DF64954CCFD93EC1BEC7 /* BookmarkStore.swift in Sources */,
				65E189ADF1C48F5164A2E197 /* BoxDragStage.swift in Sources */,
				9BD4DF08733B4D5B6DAEBDDA /* BoxHandle.swift in Sources */,
				46B5B26D9FBA1A470CD2F6B4 /* BoxIntake.swift in Sources */,
				42991FCC1CF0DD7AD252A4FB /* CanvasTransform.swift in Sources */,
				C9FD99546DA0566423E7E03C /* ClassChipRow.swift in Sources */,
				8D62820E405C7FFFA719D13C /* CocoFileCoordinator.swift in Sources */,
				F94BE4EEB36F518F0C047975 /* CocoModel.swift in Sources */,
				4B8C82150D36524C5E67171D /* ConflictPresentation.swift in Sources */,
				D5971788E9997E6428345C05 /* ConflictSidecar.swift in Sources */,
				B0882F1D54432A2F3551C227 /* FolderPicker.swift in Sources */,
				6C7F2CEFF9CA5235F8C268AD /* ImageStateTracker.swift in Sources */,
				105A4F6E640519EDBBDCF415 /* InstanceList.swift in Sources */,
				51184A5B3FC62013B680AB6F /* JSONValue.swift in Sources */,
				E2C0D926DB4B78681AC9F9CD /* Layout.swift in Sources */,
				861D8410826023F6B4F20D76 /* LifecycleFlushBridge.swift in Sources */,
				FF8F25E3315A458F07B6B18F /* LockedCopy.swift in Sources */,
				0E4988FC2803479BFBDCD64C /* ProjectFolder.swift in Sources */,
				BC4EDE80FC6008DB7DBFC539 /* ProjectGridView.swift in Sources */,
				30A0C4B344E8A6BB356F0AEA /* ProjectGridViewModel.swift in Sources */,
				08FD47B84A5BD588E0EE4ADB /* ProjectListView.swift in Sources */,
				364AE88F8191C641174738D7 /* ProjectListViewModel.swift in Sources */,
				FE8620E08954C0AC4BF6BA55 /* RootView.swift in Sources */,
				A8A40445F027970D872F10A1 /* ThumbnailCache.swift in Sources */,
				AABEA31A104F4F0D76FACCD0 /* ThumbnailCell.swift in Sources */,
				8DBD988D35D4169369EA30F9 /* UbiquityResolver.swift in Sources */,
				B71F73E6AF414623BC034629 /* AnnotatorLifecycleContext.swift in Sources */,
				BCE7F0E8CF804C2F9A204293 /* ProjectAnnotationConflictWatcher.swift in Sources */,
			);
			runOnlyForDeploymentPostprocessing = 0;
		};
		72A4D6E963A9F28F79E86F0D /* Sources */ = {
			isa = PBXSourcesBuildPhase;
			buildActionMask = 2147483647;
			files = (
				A514875F93448DF96D8B567A /* AnnotationStoreTests.swift in Sources */,
				15E0852D6E153292900B58A8 /* AnnotatorCanvasGeometryTests.swift in Sources */,
				02AFBE5E573B56C7ACBB3E31 /* AnnotatorNavigationContractTests.swift in Sources */,
				84AD3FD44DBF5EC5831ED0C5 /* AnnotatorViewMissingStateTests.swift in Sources */,
				A3E1259A0CB42AE3378EC79F /* AthletePaletteTests.swift in Sources */,
				6F49E1A00F8FB80900231C8E /* AthletePickerTests.swift in Sources */,
				4A812A238F8AE2208EDB8BB9 /* AthleteRegistryTests.swift in Sources */,
				B838DC0A0B4E1B87B028C72F /* BookmarkStoreErrorSurfacingTests.swift in Sources */,
				21A1A635BE1FC1A679F49ABF /* BookmarkStoreStaleRefreshTests.swift in Sources */,
				629646E5466971EE40D5103B /* BookmarkStoreTests.swift in Sources */,
				D49B836B6CE201E741FF0820 /* BoxHandleTests.swift in Sources */,
				1615660368B5BEF25D239C1D /* BoxIntakeTests.swift in Sources */,
				A60E40F59219126D65425472 /* ClassChipRowTests.swift in Sources */,
				4DE495776A6941B859BDDAC6 /* CocoFileCoordinatorConflictTests.swift in Sources */,
				B8D75EA6D2811A4BD169301E /* CocoFileCoordinatorTests.swift in Sources */,
				B8802DDB253679FCCA3A2EAA /* CocoIsDiskTruthTests.swift in Sources */,
				B80463566244F55B54F12F2A /* CocoModelTests.swift in Sources */,
				74D8A2755D5A7907FA2E213B /* ConflictBannerTests.swift in Sources */,
				25B0E77457988552A798F4D1 /* DragStagingContractTests.swift in Sources */,
				BD182DBBEF5B258283820EA0 /* FakeUbiquityResolver.swift in Sources */,
				8A9C5513A6F6294D9531EFE8 /* FolderPickerTests.swift in Sources */,
				EFAC6215CDDC8EC470880EAA /* ImageStateTrackerTests.swift in Sources */,
				789DA253FA046C38C7B3786D /* InstanceListModelTests.swift in Sources */,
				5A545AA81D1F3044D16381F7 /* JSONValueTests.swift in Sources */,
				87B6615A334E04353705B4B4 /* LifecycleFlushBridgeTests.swift in Sources */,
				86F281CDBA89F07E9A7C56FE /* LockedCopyGrepTests.swift in Sources */,
				0125E3F11F97D726AD00E9F2 /* LockedCopyTests.swift in Sources */,
				222C1CEE7648158063082475 /* Phase1LockedCopyTests.swift in Sources */,
				8D2F509092BE0AFC5109DBB2 /* ProjectFolderTests.swift in Sources */,
				E6E90FF6D0340EC6A0B2CE50 /* ProjectFolderUbiquityLockHardeningTests.swift in Sources */,
				DFFA205CB22C95CA5E27C99D /* ProjectFolderUbiquityTests.swift in Sources */,
				D0CF3997836D1BCC5A1F9CEB /* ProjectGridViewModelTests.swift in Sources */,
				D28120C423F086E3FE748556 /* ProjectListErrorBannerTests.swift in Sources */,
				AF2A4096C9530B46FB5DEC8C /* ProjectListPickerErrorRoutingTests.swift in Sources */,
				311FAD24074CFD95D7FEF7C2 /* ProjectListViewModelTests.swift in Sources */,
				4405AA9CB7AA8C62B0E7E77B /* SilentScheduler.swift in Sources */,
				9C968F935137A673628FF18F /* TempDirectory.swift in Sources */,
				1448F18D396289ADDBCD8D89 /* ThumbnailCacheTests.swift in Sources */,
				37AD0F68EB3648B5CA206A6B /* UIDeviceUserInterfaceIdiomBanTests.swift in Sources */,
				F8AE7106F5B8AD7C0AC5EFD6 /* UbiquityResolverFakeTests.swift in Sources */,
				BDDC7249E2564A4B8FD0BB28 /* AnnotatorViewLifecycleTests.swift in Sources */,
				1FE2986A90F142ABB6A1B957 /* ProjectLevelConflictTests.swift in Sources */,
				5B84279DD25B41ECAC5E1AB5 /* GoldenPathDiskRoundtripTests.swift in Sources */,
				6E8D04E81A204BA3B9E4F831 /* AdaptiveLayoutSizeClassTests.swift in Sources */,
				80E7EB4D4AC04BB388D634CD /* ConflictWireEndToEndTests.swift in Sources */,
				25555A55187D4F5CB0ABA4CB /* LifecycleContextSafetyTests.swift in Sources */,
			);
			runOnlyForDeploymentPostprocessing = 0;
		};
		7AE4802807656F4CEF70445A /* Sources */ = {
			isa = PBXSourcesBuildPhase;
			buildActionMask = 2147483647;
			files = (
				96E8A22DA49FBC0654A3FC76 /* BookmarkErrorRowUITests.swift in Sources */,
				81FA8E299AF30B647D885D01 /* EmptyGridUITests.swift in Sources */,
				B85F9ED0902AADA019C7951D /* GoldenPathUITests.swift in Sources */,
				4868ADA5ED719109C710021C /* MobileFirstAuditUITests.swift in Sources */,
				3F33114896FDE6EF7F112591 /* PopulatedListNoBottomCTAUITests.swift in Sources */,
				7CFA4E8628D21A8784D722C3 /* SmokeUITests.swift in Sources */,
			);
			runOnlyForDeploymentPostprocessing = 0;
		};
/* End PBXSourcesBuildPhase section */

/* Begin PBXTargetDependency section */
		26BDF07F5DADED83E9E681D4 /* PBXTargetDependency */ = {
			isa = PBXTargetDependency;
			target = AA27C1BBEA5656B4AE705D18 /* BJJAnnotate */;
			targetProxy = C34AFE0EB7DAF27DE121143A /* PBXContainerItemProxy */;
		};
		91DAD93CD0FE7AE1B5ECB721 /* PBXTargetDependency */ = {
			isa = PBXTargetDependency;
			target = AA27C1BBEA5656B4AE705D18 /* BJJAnnotate */;
			targetProxy = 71077C22DBF5F1AFD2A4343A /* PBXContainerItemProxy */;
		};
/* End PBXTargetDependency section */

/* Begin XCBuildConfiguration section */
		07F48DE1AD26ABA7A1F33D00 /* Release */ = {
			isa = XCBuildConfiguration;
			buildSettings = {
				BUNDLE_LOADER = "$(TEST_HOST)";
				IPHONEOS_DEPLOYMENT_TARGET = 18.0;
				LD_RUNPATH_SEARCH_PATHS = (
					"$(inherited)",
					"@executable_path/Frameworks",
					"@loader_path/Frameworks",
				);
				PRODUCT_BUNDLE_IDENTIFIER = com.stanxxy.bjjannotate.tests;
				SDKROOT = iphoneos;
				TARGETED_DEVICE_FAMILY = "1,2";
				TEST_HOST = "$(BUILT_PRODUCTS_DIR)/BJJAnnotate.app/$(BUNDLE_EXECUTABLE_FOLDER_PATH)/BJJAnnotate";
			};
			name = Release;
		};
		0A5CCCF6EC7D9F9069FF3FD1 /* Release */ = {
			isa = XCBuildConfiguration;
			buildSettings = {
				BUNDLE_LOADER = "$(TEST_HOST)";
				IPHONEOS_DEPLOYMENT_TARGET = 18.0;
				LD_RUNPATH_SEARCH_PATHS = (
					"$(inherited)",
					"@executable_path/Frameworks",
					"@loader_path/Frameworks",
				);
				PRODUCT_BUNDLE_IDENTIFIER = com.stanxxy.bjjannotate.uitests;
				SDKROOT = iphoneos;
				TARGETED_DEVICE_FAMILY = "1,2";
				TEST_TARGET_NAME = BJJAnnotate;
			};
			name = Release;
		};
		0FAE67DAEB044AE4B91E3CDE /* Debug */ = {
			isa = XCBuildConfiguration;
			buildSettings = {
				ALWAYS_SEARCH_USER_PATHS = NO;
				CLANG_ANALYZER_NONNULL = YES;
				CLANG_ANALYZER_NUMBER_OBJECT_CONVERSION = YES_AGGRESSIVE;
				CLANG_CXX_LANGUAGE_STANDARD = "gnu++14";
				CLANG_CXX_LIBRARY = "libc++";
				CLANG_ENABLE_MODULES = YES;
				CLANG_ENABLE_OBJC_ARC = YES;
				CLANG_ENABLE_OBJC_WEAK = YES;
				CLANG_WARN_BLOCK_CAPTURE_AUTORELEASING = YES;
				CLANG_WARN_BOOL_CONVERSION = YES;
				CLANG_WARN_COMMA = YES;
				CLANG_WARN_CONSTANT_CONVERSION = YES;
				CLANG_WARN_DEPRECATED_OBJC_IMPLEMENTATIONS = YES;
				CLANG_WARN_DIRECT_OBJC_ISA_USAGE = YES_ERROR;
				CLANG_WARN_DOCUMENTATION_COMMENTS = YES;
				CLANG_WARN_EMPTY_BODY = YES;
				CLANG_WARN_ENUM_CONVERSION = YES;
				CLANG_WARN_INFINITE_RECURSION = YES;
				CLANG_WARN_INT_CONVERSION = YES;
				CLANG_WARN_NON_LITERAL_NULL_CONVERSION = YES;
				CLANG_WARN_OBJC_IMPLICIT_RETAIN_SELF = YES;
				CLANG_WARN_OBJC_LITERAL_CONVERSION = YES;
				CLANG_WARN_OBJC_ROOT_CLASS = YES_ERROR;
				CLANG_WARN_QUOTED_INCLUDE_IN_FRAMEWORK_HEADER = YES;
				CLANG_WARN_RANGE_LOOP_ANALYSIS = YES;
				CLANG_WARN_STRICT_PROTOTYPES = YES;
				CLANG_WARN_SUSPICIOUS_MOVE = YES;
				CLANG_WARN_UNGUARDED_AVAILABILITY = YES_AGGRESSIVE;
				CLANG_WARN_UNREACHABLE_CODE = YES;
				CLANG_WARN__DUPLICATE_METHOD_MATCH = YES;
				CODE_SIGN_STYLE = Automatic;
				COPY_PHASE_STRIP = NO;
				DEBUG_INFORMATION_FORMAT = dwarf;
				ENABLE_STRICT_OBJC_MSGSEND = YES;
				ENABLE_TESTABILITY = YES;
				ENABLE_USER_SCRIPT_SANDBOXING = YES;
				GCC_C_LANGUAGE_STANDARD = gnu11;
				GCC_DYNAMIC_NO_PIC = NO;
				GCC_NO_COMMON_BLOCKS = YES;
				GCC_OPTIMIZATION_LEVEL = 0;
				GCC_PREPROCESSOR_DEFINITIONS = (
					"$(inherited)",
					"DEBUG=1",
				);
				GCC_WARN_64_TO_32_BIT_CONVERSION = YES;
				GCC_WARN_ABOUT_RETURN_TYPE = YES_ERROR;
				GCC_WARN_UNDECLARED_SELECTOR = YES;
				GCC_WARN_UNINITIALIZED_AUTOS = YES_AGGRESSIVE;
				GCC_WARN_UNUSED_FUNCTION = YES;
				GCC_WARN_UNUSED_VARIABLE = YES;
				GENERATE_INFOPLIST_FILE = YES;
				IPHONEOS_DEPLOYMENT_TARGET = 18.0;
				MTL_ENABLE_DEBUG_INFO = INCLUDE_SOURCE;
				MTL_FAST_MATH = YES;
				ONLY_ACTIVE_ARCH = YES;
				PRODUCT_NAME = "$(TARGET_NAME)";
				SDKROOT = iphoneos;
				SWIFT_ACTIVE_COMPILATION_CONDITIONS = DEBUG;
				SWIFT_OPTIMIZATION_LEVEL = "-Onone";
				SWIFT_VERSION = 5.9;
			};
			name = Debug;
		};
		1E827B1ED4EB80A5A3CBC58F /* Debug */ = {
			isa = XCBuildConfiguration;
			buildSettings = {
				BUNDLE_LOADER = "$(TEST_HOST)";
				IPHONEOS_DEPLOYMENT_TARGET = 18.0;
				LD_RUNPATH_SEARCH_PATHS = (
					"$(inherited)",
					"@executable_path/Frameworks",
					"@loader_path/Frameworks",
				);
				PRODUCT_BUNDLE_IDENTIFIER = com.stanxxy.bjjannotate.tests;
				SDKROOT = iphoneos;
				TARGETED_DEVICE_FAMILY = "1,2";
				TEST_HOST = "$(BUILT_PRODUCTS_DIR)/BJJAnnotate.app/$(BUNDLE_EXECUTABLE_FOLDER_PATH)/BJJAnnotate";
			};
			name = Debug;
		};
		5AFA6B384EF9EAF262E31548 /* Release */ = {
			isa = XCBuildConfiguration;
			buildSettings = {
				ASSETCATALOG_COMPILER_APPICON_NAME = AppIcon;
				ASSETCATALOG_COMPILER_GLOBAL_ACCENT_COLOR_NAME = AccentColor;
				CODE_SIGN_IDENTITY = "iPhone Developer";
				ENABLE_PREVIEWS = YES;
				INFOPLIST_KEY_UIApplicationSceneManifest_Generation = YES;
				INFOPLIST_KEY_UIApplicationSupportsIndirectInputEvents = YES;
				INFOPLIST_KEY_UILaunchScreen_Generation = YES;
				INFOPLIST_KEY_UISupportedInterfaceOrientations_iPad = "UIInterfaceOrientationPortrait UIInterfaceOrientationPortraitUpsideDown UIInterfaceOrientationLandscapeLeft UIInterfaceOrientationLandscapeRight";
				INFOPLIST_KEY_UISupportedInterfaceOrientations_iPhone = "UIInterfaceOrientationPortrait UIInterfaceOrientationLandscapeLeft UIInterfaceOrientationLandscapeRight";
				IPHONEOS_DEPLOYMENT_TARGET = 18.0;
				LD_RUNPATH_SEARCH_PATHS = (
					"$(inherited)",
					"@executable_path/Frameworks",
				);
				PRODUCT_BUNDLE_IDENTIFIER = com.stanxxy.bjjannotate;
				SDKROOT = iphoneos;
				SUPPORTS_MACCATALYST = NO;
				TARGETED_DEVICE_FAMILY = "1,2";
			};
			name = Release;
		};
		B10282D59ACAA286CB9B0B9A /* Debug */ = {
			isa = XCBuildConfiguration;
			buildSettings = {
				ASSETCATALOG_COMPILER_APPICON_NAME = AppIcon;
				ASSETCATALOG_COMPILER_GLOBAL_ACCENT_COLOR_NAME = AccentColor;
				CODE_SIGN_IDENTITY = "iPhone Developer";
				ENABLE_PREVIEWS = YES;
				INFOPLIST_KEY_UIApplicationSceneManifest_Generation = YES;
				INFOPLIST_KEY_UIApplicationSupportsIndirectInputEvents = YES;
				INFOPLIST_KEY_UILaunchScreen_Generation = YES;
				INFOPLIST_KEY_UISupportedInterfaceOrientations_iPad = "UIInterfaceOrientationPortrait UIInterfaceOrientationPortraitUpsideDown UIInterfaceOrientationLandscapeLeft UIInterfaceOrientationLandscapeRight";
				INFOPLIST_KEY_UISupportedInterfaceOrientations_iPhone = "UIInterfaceOrientationPortrait UIInterfaceOrientationLandscapeLeft UIInterfaceOrientationLandscapeRight";
				IPHONEOS_DEPLOYMENT_TARGET = 18.0;
				LD_RUNPATH_SEARCH_PATHS = (
					"$(inherited)",
					"@executable_path/Frameworks",
				);
				PRODUCT_BUNDLE_IDENTIFIER = com.stanxxy.bjjannotate;
				SDKROOT = iphoneos;
				SUPPORTS_MACCATALYST = NO;
				TARGETED_DEVICE_FAMILY = "1,2";
			};
			name = Debug;
		};
		E2A8929DE54949484174C20D /* Release */ = {
			isa = XCBuildConfiguration;
			buildSettings = {
				ALWAYS_SEARCH_USER_PATHS = NO;
				CLANG_ANALYZER_NONNULL = YES;
				CLANG_ANALYZER_NUMBER_OBJECT_CONVERSION = YES_AGGRESSIVE;
				CLANG_CXX_LANGUAGE_STANDARD = "gnu++14";
				CLANG_CXX_LIBRARY = "libc++";
				CLANG_ENABLE_MODULES = YES;
				CLANG_ENABLE_OBJC_ARC = YES;
				CLANG_ENABLE_OBJC_WEAK = YES;
				CLANG_WARN_BLOCK_CAPTURE_AUTORELEASING = YES;
				CLANG_WARN_BOOL_CONVERSION = YES;
				CLANG_WARN_COMMA = YES;
				CLANG_WARN_CONSTANT_CONVERSION = YES;
				CLANG_WARN_DEPRECATED_OBJC_IMPLEMENTATIONS = YES;
				CLANG_WARN_DIRECT_OBJC_ISA_USAGE = YES_ERROR;
				CLANG_WARN_DOCUMENTATION_COMMENTS = YES;
				CLANG_WARN_EMPTY_BODY = YES;
				CLANG_WARN_ENUM_CONVERSION = YES;
				CLANG_WARN_INFINITE_RECURSION = YES;
				CLANG_WARN_INT_CONVERSION = YES;
				CLANG_WARN_NON_LITERAL_NULL_CONVERSION = YES;
				CLANG_WARN_OBJC_IMPLICIT_RETAIN_SELF = YES;
				CLANG_WARN_OBJC_LITERAL_CONVERSION = YES;
				CLANG_WARN_OBJC_ROOT_CLASS = YES_ERROR;
				CLANG_WARN_QUOTED_INCLUDE_IN_FRAMEWORK_HEADER = YES;
				CLANG_WARN_RANGE_LOOP_ANALYSIS = YES;
				CLANG_WARN_STRICT_PROTOTYPES = YES;
				CLANG_WARN_SUSPICIOUS_MOVE = YES;
				CLANG_WARN_UNGUARDED_AVAILABILITY = YES_AGGRESSIVE;
				CLANG_WARN_UNREACHABLE_CODE = YES;
				CLANG_WARN__DUPLICATE_METHOD_MATCH = YES;
				CODE_SIGN_STYLE = Automatic;
				COPY_PHASE_STRIP = NO;
				DEBUG_INFORMATION_FORMAT = "dwarf-with-dsym";
				ENABLE_NS_ASSERTIONS = NO;
				ENABLE_STRICT_OBJC_MSGSEND = YES;
				ENABLE_USER_SCRIPT_SANDBOXING = YES;
				GCC_C_LANGUAGE_STANDARD = gnu11;
				GCC_NO_COMMON_BLOCKS = YES;
				GCC_WARN_64_TO_32_BIT_CONVERSION = YES;
				GCC_WARN_ABOUT_RETURN_TYPE = YES_ERROR;
				GCC_WARN_UNDECLARED_SELECTOR = YES;
				GCC_WARN_UNINITIALIZED_AUTOS = YES_AGGRESSIVE;
				GCC_WARN_UNUSED_FUNCTION = YES;
				GCC_WARN_UNUSED_VARIABLE = YES;
				GENERATE_INFOPLIST_FILE = YES;
				IPHONEOS_DEPLOYMENT_TARGET = 18.0;
				MTL_ENABLE_DEBUG_INFO = NO;
				MTL_FAST_MATH = YES;
				PRODUCT_NAME = "$(TARGET_NAME)";
				SDKROOT = iphoneos;
				SWIFT_COMPILATION_MODE = wholemodule;
				SWIFT_OPTIMIZATION_LEVEL = "-O";
				SWIFT_VERSION = 5.9;
			};
			name = Release;
		};
		EF4A0A7D599D68B750283E83 /* Debug */ = {
			isa = XCBuildConfiguration;
			buildSettings = {
				BUNDLE_LOADER = "$(TEST_HOST)";
				IPHONEOS_DEPLOYMENT_TARGET = 18.0;
				LD_RUNPATH_SEARCH_PATHS = (
					"$(inherited)",
					"@executable_path/Frameworks",
					"@loader_path/Frameworks",
				);
				PRODUCT_BUNDLE_IDENTIFIER = com.stanxxy.bjjannotate.uitests;
				SDKROOT = iphoneos;
				TARGETED_DEVICE_FAMILY = "1,2";
				TEST_TARGET_NAME = BJJAnnotate;
			};
			name = Debug;
		};
/* End XCBuildConfiguration section */

/* Begin XCConfigurationList section */
		2988D0D9A773739243986625 /* Build configuration list for PBXNativeTarget "BJJAnnotate" */ = {
			isa = XCConfigurationList;
			buildConfigurations = (
				B10282D59ACAA286CB9B0B9A /* Debug */,
				5AFA6B384EF9EAF262E31548 /* Release */,
			);
			defaultConfigurationIsVisible = 0;
			defaultConfigurationName = Debug;
		};
		630A51A91579FBEB598466D7 /* Build configuration list for PBXProject "BJJAnnotate" */ = {
			isa = XCConfigurationList;
			buildConfigurations = (
				0FAE67DAEB044AE4B91E3CDE /* Debug */,
				E2A8929DE54949484174C20D /* Release */,
			);
			defaultConfigurationIsVisible = 0;
			defaultConfigurationName = Debug;
		};
		80384AEECDE3BA1C6F1CBF08 /* Build configuration list for PBXNativeTarget "BJJAnnotateUITests" */ = {
			isa = XCConfigurationList;
			buildConfigurations = (
				EF4A0A7D599D68B750283E83 /* Debug */,
				0A5CCCF6EC7D9F9069FF3FD1 /* Release */,
			);
			defaultConfigurationIsVisible = 0;
			defaultConfigurationName = Debug;
		};
		B8E3A0B10A3D86A474294790 /* Build configuration list for PBXNativeTarget "BJJAnnotateTests" */ = {
			isa = XCConfigurationList;
			buildConfigurations = (
				1E827B1ED4EB80A5A3CBC58F /* Debug */,
				07F48DE1AD26ABA7A1F33D00 /* Release */,
			);
			defaultConfigurationIsVisible = 0;
			defaultConfigurationName = Debug;
		};
/* End XCConfigurationList section */
	};
	rootObject = 8EED5424FB4504832474A347 /* Project object */;
}
